
Microsoft Visual Studio Solution File, Format Version 12.00
# Visual Studio Version 17
VisualStudioVersion = 17.5.33414.496
MinimumVisualStudioVersion = 10.0.40219.1
Project("{FAE04EC0-301F-11D3-BF4B-00C04F79EFBC}") = "PraxisDirectCardApiV13", "PraxisDirectCardApiV13.csproj", "{32C5C1E8-B3FB-4C64-8FBF-9F28F47E3C81}"
EndProject
Global
	GlobalSection(SolutionConfigurationPlatforms) = preSolution
		Debug|Any CPU = Debug|Any CPU
		Release|Any CPU = Release|Any CPU
	EndGlobalSection
	GlobalSection(ProjectConfigurationPlatforms) = postSolution
		{32C5C1E8-B3FB-4C64-8FBF-9F28F47E3C81}.Debug|Any CPU.ActiveCfg = Debug|Any CPU
		{32C5C1E8-B3FB-4C64-8FBF-9F28F47E3C81}.Debug|Any CPU.Build.0 = Debug|Any CPU
		{32C5C1E8-B3FB-4C64-8FBF-9F28F47E3C81}.Release|Any CPU.ActiveCfg = Release|Any CPU
		{32C5C1E8-B3FB-4C64-8FBF-9F28F47E3C81}.Release|Any CPU.Build.0 = Release|Any CPU
	EndGlobalSection
	GlobalSection(SolutionProperties) = preSolution
		HideSolutionNode = FALSE
	EndGlobalSection
	GlobalSection(ExtensibilityGlobals) = postSolution
		SolutionGuid = {C7DCE013-9F1F-4866-BC26-E1894D86D824}
	EndGlobalSection
EndGlobal
